// !$*UTF8*$!
{
	archiveVersion = 1;
	classes = {
	};
	objectVersion = 46;
	objects = {

/* Begin PBXBuildFile section */
		56AA054EAE66EC2A70803595 /* Pods_EStudyTool.framework in Frameworks */ = {isa = PBXBuildFile; fileRef = 3C69AB7A3EAEE5F06CEEF81A /* Pods_EStudyTool.framework */; };
		E30048521D756BF3004CC63D /* AppDelegate.swift in Sources */ = {isa = PBXBuildFile; fileRef = E30048511D756BF3004CC63D /* AppDelegate.swift */; };
		E30048541D756BF3004CC63D /* ViewController.swift in Sources */ = {isa = PBXBuildFile; fileRef = E30048531D756BF3004CC63D /* ViewController.swift */; };
		E30048571D756BF3004CC63D /* Main.storyboard in Resources */ = {isa = PBXBuildFile; fileRef = E30048551D756BF3004CC63D /* Main.storyboard */; };
		E300485A1D756BF3004CC63D /* EStudyTool.xcdatamodeld in Sources */ = {isa = PBXBuildFile; fileRef = E30048581D756BF3004CC63D /* EStudyTool.xcdatamodeld */; };
		E300485C1D756BF3004CC63D /* Assets.xcassets in Resources */ = {isa = PBXBuildFile; fileRef = E300485B1D756BF3004CC63D /* Assets.xcassets */; };
		E300485F1D756BF3004CC63D /* LaunchScreen.storyboard in Resources */ = {isa = PBXBuildFile; fileRef = E300485D1D756BF3004CC63D /* LaunchScreen.storyboard */; };
		E300486D1D757E7E004CC63D /* LeftMenuTableController.swift in Sources */ = {isa = PBXBuildFile; fileRef = E300486C1D757E7E004CC63D /* LeftMenuTableController.swift */; };
		E30048741D7593AA004CC63D /* Menu-30.png in Resources */ = {isa = PBXBuildFile; fileRef = E30048731D7593AA004CC63D /* Menu-30.png */; };
		E305CBB11DA75ECA00763F15 /* InfoViewController.swift in Sources */ = {isa = PBXBuildFile; fileRef = E305CBB01DA75ECA00763F15 /* InfoViewController.swift */; };
		E30906481D827A560053175F /* Search-20.png in Resources */ = {isa = PBXBuildFile; fileRef = E30906471D827A560053175F /* Search-20.png */; };
		E309064A1D827A8F0053175F /* Search-30.png in Resources */ = {isa = PBXBuildFile; fileRef = E30906491D827A8F0053175F /* Search-30.png */; };
		E3138BE11D9E535200244BEF /* webSiteList.json in Resources */ = {isa = PBXBuildFile; fileRef = E3138BDE1D9E535200244BEF /* webSiteList.json */; };
		E3138BE21D9E535200244BEF /* WebSiteTableViewController.swift in Sources */ = {isa = PBXBuildFile; fileRef = E3138BDF1D9E535200244BEF /* WebSiteTableViewController.swift */; };
		E3138BE31D9E535200244BEF /* WebSiteViewController.swift in Sources */ = {isa = PBXBuildFile; fileRef = E3138BE01D9E535200244BEF /* WebSiteViewController.swift */; };
		E32A5F911D8FA32F004CDB1F /* Info-30.png in Resources */ = {isa = PBXBuildFile; fileRef = E32A5F901D8FA32F004CDB1F /* Info-30.png */; };
		E32A5F931D8FA4D2004CDB1F /* AlertViewController.swift in Sources */ = {isa = PBXBuildFile; fileRef = E32A5F921D8FA4D2004CDB1F /* AlertViewController.swift */; };
		E34A977C1DBF143800805330 /* DialoguesMeamingViewController.swift in Sources */ = {isa = PBXBuildFile; fileRef = E34A97781DBF143800805330 /* DialoguesMeamingViewController.swift */; };
		E34A977D1DBF143800805330 /* DialoguesTableController.swift in Sources */ = {isa = PBXBuildFile; fileRef = E34A97791DBF143800805330 /* DialoguesTableController.swift */; };
		E34A977E1DBF143800805330 /* InsertDialogues.sql in Resources */ = {isa = PBXBuildFile; fileRef = E34A977A1DBF143800805330 /* InsertDialogues.sql */; };
		E34A977F1DBF143800805330 /* updateDialogues.json in Resources */ = {isa = PBXBuildFile; fileRef = E34A977B1DBF143800805330 /* updateDialogues.json */; };
		E34A97811DBF14D900805330 /* LaunchgetDialogues.swift in Sources */ = {isa = PBXBuildFile; fileRef = E34A97801DBF14D900805330 /* LaunchgetDialogues.swift */; };
		E35E259F1D7694800027C817 /* PlistManager.swift in Sources */ = {isa = PBXBuildFile; fileRef = E35E259E1D7694800027C817 /* PlistManager.swift */; };
		E35E25A31D77A9D00027C817 /* ActivityModalView.swift in Sources */ = {isa = PBXBuildFile; fileRef = E35E25A21D77A9D00027C817 /* ActivityModalView.swift */; };
		E35E25A71D77BAAB0027C817 /* WordsTableController.swift in Sources */ = {isa = PBXBuildFile; fileRef = E35E25A61D77BAAA0027C817 /* WordsTableController.swift */; };
		E35E25A91D77BAB90027C817 /* WordMeamingViewController.swift in Sources */ = {isa = PBXBuildFile; fileRef = E35E25A81D77BAB90027C817 /* WordMeamingViewController.swift */; };
		E35FCCA51D910D0F004D3BE4 /* SwiftyJSON.swift in Sources */ = {isa = PBXBuildFile; fileRef = E35FCCA41D910D0F004D3BE4 /* SwiftyJSON.swift */; };
		E37414831DA371E300096C51 /* LaunchgetWords.swift in Sources */ = {isa = PBXBuildFile; fileRef = E37414821DA371E300096C51 /* LaunchgetWords.swift */; };
		E37414851DA37D1500096C51 /* LauncherViewController.swift in Sources */ = {isa = PBXBuildFile; fileRef = E37414841DA37D1500096C51 /* LauncherViewController.swift */; };
		E37414871DA3963300096C51 /* LaunchgetPatterns.swift in Sources */ = {isa = PBXBuildFile; fileRef = E37414861DA3963300096C51 /* LaunchgetPatterns.swift */; };
		E37414891DA4A24C00096C51 /* LaunchgetYoutubeChannel.swift in Sources */ = {isa = PBXBuildFile; fileRef = E37414881DA4A24C00096C51 /* LaunchgetYoutubeChannel.swift */; };
		E374148B1DA4B30300096C51 /* LaunchgetWebSite.swift in Sources */ = {isa = PBXBuildFile; fileRef = E374148A1DA4B30300096C51 /* LaunchgetWebSite.swift */; };
		E374148E1DA61A4700096C51 /* RandomViewController.swift in Sources */ = {isa = PBXBuildFile; fileRef = E374148D1DA61A4700096C51 /* RandomViewController.swift */; };
		E3AFC1F41D7D23AB00A8B6BD /* SWRevealViewController.m in Sources */ = {isa = PBXBuildFile; fileRef = E3AFC1F31D7D23AB00A8B6BD /* SWRevealViewController.m */; };
		E3AFC2071D7D257300A8B6BD /* libsqlite3.tbd in Frameworks */ = {isa = PBXBuildFile; fileRef = E3AFC2061D7D257300A8B6BD /* libsqlite3.tbd */; };
		E3AFC2161D7D9BEB00A8B6BD /* FMDatabase.m in Sources */ = {isa = PBXBuildFile; fileRef = E3AFC20C1D7D9BEB00A8B6BD /* FMDatabase.m */; };
		E3AFC2171D7D9BEB00A8B6BD /* FMDatabaseAdditions.m in Sources */ = {isa = PBXBuildFile; fileRef = E3AFC20E1D7D9BEB00A8B6BD /* FMDatabaseAdditions.m */; };
		E3AFC2181D7D9BEB00A8B6BD /* FMDatabasePool.m in Sources */ = {isa = PBXBuildFile; fileRef = E3AFC2101D7D9BEB00A8B6BD /* FMDatabasePool.m */; };
		E3AFC2191D7D9BEB00A8B6BD /* FMDatabaseQueue.m in Sources */ = {isa = PBXBuildFile; fileRef = E3AFC2121D7D9BEB00A8B6BD /* FMDatabaseQueue.m */; };
		E3AFC21A1D7D9BEB00A8B6BD /* FMResultSet.m in Sources */ = {isa = PBXBuildFile; fileRef = E3AFC2151D7D9BEB00A8B6BD /* FMResultSet.m */; };
		E3AFC21C1D80180B00A8B6BD /* ESTversion.json in Resources */ = {isa = PBXBuildFile; fileRef = E3AFC21B1D80180B00A8B6BD /* ESTversion.json */; };
		E3AFC2221D81238400A8B6BD /* ESTFunctions.swift in Sources */ = {isa = PBXBuildFile; fileRef = E3AFC2211D81238400A8B6BD /* ESTFunctions.swift */; };
		E3BCA3EB1D90FFC600170D97 /* InsertWords.sql in Resources */ = {isa = PBXBuildFile; fileRef = E3BCA3EA1D90FFC600170D97 /* InsertWords.sql */; };
		E3BCA3F01D90FFFC00170D97 /* InsertPatterns.sql in Resources */ = {isa = PBXBuildFile; fileRef = E3BCA3ED1D90FFFC00170D97 /* InsertPatterns.sql */; };
		E3F1A3771D94A92300E10297 /* PatternsMeamingViewController.swift in Sources */ = {isa = PBXBuildFile; fileRef = E3F1A3751D94A92300E10297 /* PatternsMeamingViewController.swift */; };
		E3F1A3781D94A92300E10297 /* PatternsTableController.swift in Sources */ = {isa = PBXBuildFile; fileRef = E3F1A3761D94A92300E10297 /* PatternsTableController.swift */; };
		E3F1A37C1D9515CD00E10297 /* updatePatterns.json in Resources */ = {isa = PBXBuildFile; fileRef = E3F1A37B1D9515CD00E10297 /* updatePatterns.json */; };
		E3F1A37E1D9515DA00E10297 /* updateWords.json in Resources */ = {isa = PBXBuildFile; fileRef = E3F1A37D1D9515DA00E10297 /* updateWords.json */; };
		E3F1A3811D98D6A100E10297 /* ChannelsTableViewController.swift in Sources */ = {isa = PBXBuildFile; fileRef = E3F1A3801D98D6A100E10297 /* ChannelsTableViewController.swift */; };
		E3F1A3831D99F77800E10297 /* channelList.json in Resources */ = {isa = PBXBuildFile; fileRef = E3F1A3821D99F77800E10297 /* channelList.json */; };
		E3F1A3851D9B79A800E10297 /* youtubeWebController.swift in Sources */ = {isa = PBXBuildFile; fileRef = E3F1A3841D9B79A800E10297 /* youtubeWebController.swift */; };
		E3F1A3871D9BA95500E10297 /* Right-30.png in Resources */ = {isa = PBXBuildFile; fileRef = E3F1A3861D9BA95500E10297 /* Right-30.png */; };
/* End PBXBuildFile section */

/* Begin PBXFileReference section */
		3C69AB7A3EAEE5F06CEEF81A /* Pods_EStudyTool.framework */ = {isa = PBXFileReference; explicitFileType = wrapper.framework; includeInIndex = 0; path = Pods_EStudyTool.framework; sourceTree = BUILT_PRODUCTS_DIR; };
		65457E4D188AC6DD52A820FE /* Pods-EStudyTool.debug.xcconfig */ = {isa = PBXFileReference; includeInIndex = 1; lastKnownFileType = text.xcconfig; name = "Pods-EStudyTool.debug.xcconfig"; path = "Pods/Target Support Files/Pods-EStudyTool/Pods-EStudyTool.debug.xcconfig"; sourceTree = "<group>"; };
		7D203223AB0A5AFF36BD5AE6 /* Pods-EStudyTool.release.xcconfig */ = {isa = PBXFileReference; includeInIndex = 1; lastKnownFileType = text.xcconfig; name = "Pods-EStudyTool.release.xcconfig"; path = "Pods/Target Support Files/Pods-EStudyTool/Pods-EStudyTool.release.xcconfig"; sourceTree = "<group>"; };
		E300484E1D756BF3004CC63D /* EStudyTool.app */ = {isa = PBXFileReference; explicitFileType = wrapper.application; includeInIndex = 0; path = EStudyTool.app; sourceTree = BUILT_PRODUCTS_DIR; };
		E30048511D756BF3004CC63D /* AppDelegate.swift */ = {isa = PBXFileReference; lastKnownFileType = sourcecode.swift; path = AppDelegate.swift; sourceTree = "<group>"; };
		E30048531D756BF3004CC63D /* ViewController.swift */ = {isa = PBXFileReference; lastKnownFileType = sourcecode.swift; path = ViewController.swift; sourceTree = "<group>"; };
		E30048561D756BF3004CC63D /* Base */ = {isa = PBXFileReference; lastKnownFileType = file.storyboard; name = Base; path = Base.lproj/Main.storyboard; sourceTree = "<group>"; };
		E30048591D756BF3004CC63D /* EStudyTool.xcdatamodel */ = {isa = PBXFileReference; lastKnownFileType = wrapper.xcdatamodel; path = EStudyTool.xcdatamodel; sourceTree = "<group>"; };
		E300485B1D756BF3004CC63D /* Assets.xcassets */ = {isa = PBXFileReference; lastKnownFileType = folder.assetcatalog; path = Assets.xcassets; sourceTree = "<group>"; };
		E300485E1D756BF3004CC63D /* Base */ = {isa = PBXFileReference; lastKnownFileType = file.storyboard; name = Base; path = Base.lproj/LaunchScreen.storyboard; sourceTree = "<group>"; };
		E30048601D756BF3004CC63D /* Info.plist */ = {isa = PBXFileReference; lastKnownFileType = text.plist.xml; path = Info.plist; sourceTree = "<group>"; };
		E30048681D75779E004CC63D /* EStudyTool-Bridging-Header.h */ = {isa = PBXFileReference; lastKnownFileType = sourcecode.c.h; path = "EStudyTool-Bridging-Header.h"; sourceTree = "<group>"; };
		E300486C1D757E7E004CC63D /* LeftMenuTableController.swift */ = {isa = PBXFileReference; fileEncoding = 4; lastKnownFileType = sourcecode.swift; path = LeftMenuTableController.swift; sourceTree = "<group>"; };
		E30048731D7593AA004CC63D /* Menu-30.png */ = {isa = PBXFileReference; lastKnownFileType = image.png; path = "Menu-30.png"; sourceTree = "<group>"; };
		E305CBB01DA75ECA00763F15 /* InfoViewController.swift */ = {isa = PBXFileReference; fileEncoding = 4; lastKnownFileType = sourcecode.swift; path = InfoViewController.swift; sourceTree = "<group>"; };
		E30906471D827A560053175F /* Search-20.png */ = {isa = PBXFileReference; lastKnownFileType = image.png; path = "Search-20.png"; sourceTree = "<group>"; };
		E30906491D827A8F0053175F /* Search-30.png */ = {isa = PBXFileReference; lastKnownFileType = image.png; path = "Search-30.png"; sourceTree = "<group>"; };
		E3138BDC1D9DFAA900244BEF /* EStudyTool.entitlements */ = {isa = PBXFileReference; lastKnownFileType = text.plist.entitlements; path = EStudyTool.entitlements; sourceTree = "<group>"; };
		E3138BDE1D9E535200244BEF /* webSiteList.json */ = {isa = PBXFileReference; fileEncoding = 4; lastKnownFileType = text.json; path = webSiteList.json; sourceTree = "<group>"; };
		E3138BDF1D9E535200244BEF /* WebSiteTableViewController.swift */ = {isa = PBXFileReference; fileEncoding = 4; lastKnownFileType = sourcecode.swift; path = WebSiteTableViewController.swift; sourceTree = "<group>"; };
		E3138BE01D9E535200244BEF /* WebSiteViewController.swift */ = {isa = PBXFileReference; fileEncoding = 4; lastKnownFileType = sourcecode.swift; path = WebSiteViewController.swift; sourceTree = "<group>"; };
		E32A5F901D8FA32F004CDB1F /* Info-30.png */ = {isa = PBXFileReference; lastKnownFileType = image.png; path = "Info-30.png"; sourceTree = "<group>"; };
		E32A5F921D8FA4D2004CDB1F /* AlertViewController.swift */ = {isa = PBXFileReference; fileEncoding = 4; lastKnownFileType = sourcecode.swift; path = AlertViewController.swift; sourceTree = "<group>"; };
		E34A97781DBF143800805330 /* DialoguesMeamingViewController.swift */ = {isa = PBXFileReference; fileEncoding = 4; lastKnownFileType = sourcecode.swift; path = DialoguesMeamingViewController.swift; sourceTree = "<group>"; };
		E34A97791DBF143800805330 /* DialoguesTableController.swift */ = {isa = PBXFileReference; fileEncoding = 4; lastKnownFileType = sourcecode.swift; path = DialoguesTableController.swift; sourceTree = "<group>"; };
		E34A977A1DBF143800805330 /* InsertDialogues.sql */ = {isa = PBXFileReference; fileEncoding = 4; lastKnownFileType = text; path = InsertDialogues.sql; sourceTree = "<group>"; };
		E34A977B1DBF143800805330 /* updateDialogues.json */ = {isa = PBXFileReference; fileEncoding = 4; lastKnownFileType = text.json; path = updateDialogues.json; sourceTree = "<group>"; };
		E34A97801DBF14D900805330 /* LaunchgetDialogues.swift */ = {isa = PBXFileReference; fileEncoding = 4; lastKnownFileType = sourcecode.swift; path = LaunchgetDialogues.swift; sourceTree = "<group>"; };
		E35E259E1D7694800027C817 /* PlistManager.swift */ = {isa = PBXFileReference; fileEncoding = 4; lastKnownFileType = sourcecode.swift; path = PlistManager.swift; sourceTree = "<group>"; };
		E35E25A21D77A9D00027C817 /* ActivityModalView.swift */ = {isa = PBXFileReference; fileEncoding = 4; lastKnownFileType = sourcecode.swift; path = ActivityModalView.swift; sourceTree = "<group>"; };
		E35E25A61D77BAAA0027C817 /* WordsTableController.swift */ = {isa = PBXFileReference; fileEncoding = 4; lastKnownFileType = sourcecode.swift; name = WordsTableController.swift; path = Words/WordsTableController.swift; sourceTree = "<group>"; };
		E35E25A81D77BAB90027C817 /* WordMeamingViewController.swift */ = {isa = PBXFileReference; fileEncoding = 4; lastKnownFileType = sourcecode.swift; name = WordMeamingViewController.swift; path = Words/WordMeamingViewController.swift; sourceTree = "<group>"; };
		E35FCCA41D910D0F004D3BE4 /* SwiftyJSON.swift */ = {isa = PBXFileReference; fileEncoding = 4; lastKnownFileType = sourcecode.swift; path = SwiftyJSON.swift; sourceTree = "<group>"; };
		E37414821DA371E300096C51 /* LaunchgetWords.swift */ = {isa = PBXFileReference; fileEncoding = 4; lastKnownFileType = sourcecode.swift; path = LaunchgetWords.swift; sourceTree = "<group>"; };
		E37414841DA37D1500096C51 /* LauncherViewController.swift */ = {isa = PBXFileReference; fileEncoding = 4; lastKnownFileType = sourcecode.swift; path = LauncherViewController.swift; sourceTree = "<group>"; };
		E37414861DA3963300096C51 /* LaunchgetPatterns.swift */ = {isa = PBXFileReference; fileEncoding = 4; lastKnownFileType = sourcecode.swift; path = LaunchgetPatterns.swift; sourceTree = "<group>"; };
		E37414881DA4A24C00096C51 /* LaunchgetYoutubeChannel.swift */ = {isa = PBXFileReference; fileEncoding = 4; lastKnownFileType = sourcecode.swift; path = LaunchgetYoutubeChannel.swift; sourceTree = "<group>"; };
		E374148A1DA4B30300096C51 /* LaunchgetWebSite.swift */ = {isa = PBXFileReference; fileEncoding = 4; lastKnownFileType = sourcecode.swift; path = LaunchgetWebSite.swift; sourceTree = "<group>"; };
		E374148D1DA61A4700096C51 /* RandomViewController.swift */ = {isa = PBXFileReference; fileEncoding = 4; lastKnownFileType = sourcecode.swift; path = RandomViewController.swift; sourceTree = "<group>"; };
		E3AFC1F01D7CF74600A8B6BD /* libsqlite3.0.tbd */ = {isa = PBXFileReference; lastKnownFileType = "sourcecode.text-based-dylib-definition"; name = libsqlite3.0.tbd; path = usr/lib/libsqlite3.0.tbd; sourceTree = SDKROOT; };
		E3AFC1F21D7D23AB00A8B6BD /* SWRevealViewController.h */ = {isa = PBXFileReference; fileEncoding = 4; lastKnownFileType = sourcecode.c.h; name = SWRevealViewController.h; path = SWRevealViewController/SWRevealViewController.h; sourceTree = "<group>"; };
		E3AFC1F31D7D23AB00A8B6BD /* SWRevealViewController.m */ = {isa = PBXFileReference; fileEncoding = 4; lastKnownFileType = sourcecode.c.objc; name = SWRevealViewController.m; path = SWRevealViewController/SWRevealViewController.m; sourceTree = "<group>"; };
		E3AFC2061D7D257300A8B6BD /* libsqlite3.tbd */ = {isa = PBXFileReference; lastKnownFileType = "sourcecode.text-based-dylib-definition"; name = libsqlite3.tbd; path = usr/lib/libsqlite3.tbd; sourceTree = SDKROOT; };
		E3AFC20B1D7D9BEB00A8B6BD /* FMDatabase.h */ = {isa = PBXFileReference; fileEncoding = 4; lastKnownFileType = sourcecode.c.h; name = FMDatabase.h; path = FMDB/FMDatabase.h; sourceTree = "<group>"; };
		E3AFC20C1D7D9BEB00A8B6BD /* FMDatabase.m */ = {isa = PBXFileReference; fileEncoding = 4; lastKnownFileType = sourcecode.c.objc; name = FMDatabase.m; path = FMDB/FMDatabase.m; sourceTree = "<group>"; };
		E3AFC20D1D7D9BEB00A8B6BD /* FMDatabaseAdditions.h */ = {isa = PBXFileReference; fileEncoding = 4; lastKnownFileType = sourcecode.c.h; name = FMDatabaseAdditions.h; path = FMDB/FMDatabaseAdditions.h; sourceTree = "<group>"; };
		E3AFC20E1D7D9BEB00A8B6BD /* FMDatabaseAdditions.m */ = {isa = PBXFileReference; fileEncoding = 4; lastKnownFileType = sourcecode.c.objc; name = FMDatabaseAdditions.m; path = FMDB/FMDatabaseAdditions.m; sourceTree = "<group>"; };
		E3AFC20F1D7D9BEB00A8B6BD /* FMDatabasePool.h */ = {isa = PBXFileReference; fileEncoding = 4; lastKnownFileType = sourcecode.c.h; name = FMDatabasePool.h; path = FMDB/FMDatabasePool.h; sourceTree = "<group>"; };
		E3AFC2101D7D9BEB00A8B6BD /* FMDatabasePool.m */ = {isa = PBXFileReference; fileEncoding = 4; lastKnownFileType = sourcecode.c.objc; name = FMDatabasePool.m; path = FMDB/FMDatabasePool.m; sourceTree = "<group>"; };
		E3AFC2111D7D9BEB00A8B6BD /* FMDatabaseQueue.h */ = {isa = PBXFileReference; fileEncoding = 4; lastKnownFileType = sourcecode.c.h; name = FMDatabaseQueue.h; path = FMDB/FMDatabaseQueue.h; sourceTree = "<group>"; };
		E3AFC2121D7D9BEB00A8B6BD /* FMDatabaseQueue.m */ = {isa = PBXFileReference; fileEncoding = 4; lastKnownFileType = sourcecode.c.objc; name = FMDatabaseQueue.m; path = FMDB/FMDatabaseQueue.m; sourceTree = "<group>"; };
		E3AFC2131D7D9BEB00A8B6BD /* FMDB.h */ = {isa = PBXFileReference; fileEncoding = 4; lastKnownFileType = sourcecode.c.h; name = FMDB.h; path = FMDB/FMDB.h; sourceTree = "<group>"; };
		E3AFC2141D7D9BEB00A8B6BD /* FMResultSet.h */ = {isa = PBXFileReference; fileEncoding = 4; lastKnownFileType = sourcecode.c.h; name = FMResultSet.h; path = FMDB/FMResultSet.h; sourceTree = "<group>"; };
		E3AFC2151D7D9BEB00A8B6BD /* FMResultSet.m */ = {isa = PBXFileReference; fileEncoding = 4; lastKnownFileType = sourcecode.c.objc; name = FMResultSet.m; path = FMDB/FMResultSet.m; sourceTree = "<group>"; };
		E3AFC21B1D80180B00A8B6BD /* ESTversion.json */ = {isa = PBXFileReference; fileEncoding = 4; lastKnownFileType = text.json; path = ESTversion.json; sourceTree = "<group>"; };
		E3AFC2211D81238400A8B6BD /* ESTFunctions.swift */ = {isa = PBXFileReference; fileEncoding = 4; lastKnownFileType = sourcecode.swift; path = ESTFunctions.swift; sourceTree = "<group>"; };
		E3BCA3EA1D90FFC600170D97 /* InsertWords.sql */ = {isa = PBXFileReference; fileEncoding = 4; lastKnownFileType = text; name = InsertWords.sql; path = Words/InsertWords.sql; sourceTree = "<group>"; };
		E3BCA3ED1D90FFFC00170D97 /* InsertPatterns.sql */ = {isa = PBXFileReference; fileEncoding = 4; lastKnownFileType = text; path = InsertPatterns.sql; sourceTree = "<group>"; };
		E3F1A3751D94A92300E10297 /* PatternsMeamingViewController.swift */ = {isa = PBXFileReference; fileEncoding = 4; lastKnownFileType = sourcecode.swift; path = PatternsMeamingViewController.swift; sourceTree = "<group>"; };
		E3F1A3761D94A92300E10297 /* PatternsTableController.swift */ = {isa = PBXFileReference; fileEncoding = 4; lastKnownFileType = sourcecode.swift; path = PatternsTableController.swift; sourceTree = "<group>"; };
		E3F1A37B1D9515CD00E10297 /* updatePatterns.json */ = {isa = PBXFileReference; fileEncoding = 4; lastKnownFileType = text.json; path = updatePatterns.json; sourceTree = "<group>"; };
		E3F1A37D1D9515DA00E10297 /* updateWords.json */ = {isa = PBXFileReference; fileEncoding = 4; lastKnownFileType = text.json; name = updateWords.json; path = Words/updateWords.json; sourceTree = "<group>"; };
		E3F1A3801D98D6A100E10297 /* ChannelsTableViewController.swift */ = {isa = PBXFileReference; fileEncoding = 4; lastKnownFileType = sourcecode.swift; path = ChannelsTableViewController.swift; sourceTree = "<group>"; };
		E3F1A3821D99F77800E10297 /* channelList.json */ = {isa = PBXFileReference; fileEncoding = 4; lastKnownFileType = text.json; path = channelList.json; sourceTree = "<group>"; };
		E3F1A3841D9B79A800E10297 /* youtubeWebController.swift */ = {isa = PBXFileReference; fileEncoding = 4; lastKnownFileType = sourcecode.swift; path = youtubeWebController.swift; sourceTree = "<group>"; };
		E3F1A3861D9BA95500E10297 /* Right-30.png */ = {isa = PBXFileReference; lastKnownFileType = image.png; path = "Right-30.png"; sourceTree = "<group>"; };
/* End PBXFileReference section */

/* Begin PBXFrameworksBuildPhase section */
		E300484B1D756BF3004CC63D /* Frameworks */ = {
			isa = PBXFrameworksBuildPhase;
			buildActionMask = 2147483647;
			files = (
				E3AFC2071D7D257300A8B6BD /* libsqlite3.tbd in Frameworks */,
				56AA054EAE66EC2A70803595 /* Pods_EStudyTool.framework in Frameworks */,
			);
			runOnlyForDeploymentPostprocessing = 0;
		};
/* End PBXFrameworksBuildPhase section */

/* Begin PBXGroup section */
		71DFA4FFE0E35C345321AAB2 /* Frameworks */ = {
			isa = PBXGroup;
			children = (
				E3AFC2061D7D257300A8B6BD /* libsqlite3.tbd */,
				E3AFC1F01D7CF74600A8B6BD /* libsqlite3.0.tbd */,
				3C69AB7A3EAEE5F06CEEF81A /* Pods_EStudyTool.framework */,
			);
			name = Frameworks;
			sourceTree = "<group>";
		};
		DE2B514545D6BDE49A98374B /* Pods */ = {
			isa = PBXGroup;
			children = (
				65457E4D188AC6DD52A820FE /* Pods-EStudyTool.debug.xcconfig */,
				7D203223AB0A5AFF36BD5AE6 /* Pods-EStudyTool.release.xcconfig */,
			);
			name = Pods;
			sourceTree = "<group>";
		};
		E30048451D756BF3004CC63D = {
			isa = PBXGroup;
			children = (
				E30048501D756BF3004CC63D /* EStudyTool */,
				E300484F1D756BF3004CC63D /* Products */,
				DE2B514545D6BDE49A98374B /* Pods */,
				71DFA4FFE0E35C345321AAB2 /* Frameworks */,
			);
			sourceTree = "<group>";
		};
		E300484F1D756BF3004CC63D /* Products */ = {
			isa = PBXGroup;
			children = (
				E300484E1D756BF3004CC63D /* EStudyTool.app */,
			);
			name = Products;
			sourceTree = "<group>";
		};
		E30048501D756BF3004CC63D /* EStudyTool */ = {
			isa = PBXGroup;
			children = (
				E3138BDC1D9DFAA900244BEF /* EStudyTool.entitlements */,
				E30048511D756BF3004CC63D /* AppDelegate.swift */,
				E35E25A21D77A9D00027C817 /* ActivityModalView.swift */,
				E30048531D756BF3004CC63D /* ViewController.swift */,
				E30048681D75779E004CC63D /* EStudyTool-Bridging-Header.h */,
				E300486C1D757E7E004CC63D /* LeftMenuTableController.swift */,
				E35E259E1D7694800027C817 /* PlistManager.swift */,
				E3AFC2211D81238400A8B6BD /* ESTFunctions.swift */,
				E32A5F921D8FA4D2004CDB1F /* AlertViewController.swift */,
				E35FCCA41D910D0F004D3BE4 /* SwiftyJSON.swift */,
				E374148C1DA619E300096C51 /* RandomView */,
				E374147D1DA35EFB00096C51 /* Launcher */,
				E3BCA3EC1D90FFFC00170D97 /* Patterns */,
				E32AF93A1D7C183F006FAB8D /* Words */,
				E3F1A37F1D98D6A100E10297 /* Youtube */,
				E3138BDD1D9E535200244BEF /* WebSite */,
				E34A97771DBF143800805330 /* Dialogues */,
				E305CBAF1DA75E8F00763F15 /* Info */,
				E30048551D756BF3004CC63D /* Main.storyboard */,
				E300485B1D756BF3004CC63D /* Assets.xcassets */,
				E300485D1D756BF3004CC63D /* LaunchScreen.storyboard */,
				E30048601D756BF3004CC63D /* Info.plist */,
				E30048581D756BF3004CC63D /* EStudyTool.xcdatamodeld */,
				E3AFC20A1D7D9BD800A8B6BD /* FMDB */,
				E30048671D757739004CC63D /* SWRevealViewController */,
				E300486E1D7590A6004CC63D /* Assets */,
			);
			path = EStudyTool;
			sourceTree = "<group>";
		};
		E30048671D757739004CC63D /* SWRevealViewController */ = {
			isa = PBXGroup;
			children = (
				E3AFC1F21D7D23AB00A8B6BD /* SWRevealViewController.h */,
				E3AFC1F31D7D23AB00A8B6BD /* SWRevealViewController.m */,
			);
			name = SWRevealViewController;
			sourceTree = "<group>";
		};
		E300486E1D7590A6004CC63D /* Assets */ = {
			isa = PBXGroup;
			children = (
				E3F1A3861D9BA95500E10297 /* Right-30.png */,
				E30048731D7593AA004CC63D /* Menu-30.png */,
				E30906471D827A560053175F /* Search-20.png */,
				E30906491D827A8F0053175F /* Search-30.png */,
				E32A5F901D8FA32F004CDB1F /* Info-30.png */,
				E3AFC21B1D80180B00A8B6BD /* ESTversion.json */,
			);
			path = Assets;
			sourceTree = "<group>";
		};
		E305CBAF1DA75E8F00763F15 /* Info */ = {
			isa = PBXGroup;
			children = (
				E305CBB01DA75ECA00763F15 /* InfoViewController.swift */,
			);
			path = Info;
			sourceTree = "<group>";
		};
		E3138BDD1D9E535200244BEF /* WebSite */ = {
			isa = PBXGroup;
			children = (
				E3138BDF1D9E535200244BEF /* WebSiteTableViewController.swift */,
				E3138BE01D9E535200244BEF /* WebSiteViewController.swift */,
				E3138BDE1D9E535200244BEF /* webSiteList.json */,
			);
			path = WebSite;
			sourceTree = "<group>";
		};
		E32AF93A1D7C183F006FAB8D /* Words */ = {
			isa = PBXGroup;
			children = (
				E35E25A61D77BAAA0027C817 /* WordsTableController.swift */,
				E35E25A81D77BAB90027C817 /* WordMeamingViewController.swift */,
				E3BCA3EA1D90FFC600170D97 /* InsertWords.sql */,
				E3F1A37D1D9515DA00E10297 /* updateWords.json */,
			);
			name = Words;
			sourceTree = "<group>";
		};
		E34A97771DBF143800805330 /* Dialogues */ = {
			isa = PBXGroup;
			children = (
				E34A97781DBF143800805330 /* DialoguesMeamingViewController.swift */,
				E34A97791DBF143800805330 /* DialoguesTableController.swift */,
				E34A977A1DBF143800805330 /* InsertDialogues.sql */,
				E34A977B1DBF143800805330 /* updateDialogues.json */,
			);
			path = Dialogues;
			sourceTree = "<group>";
		};
		E374147D1DA35EFB00096C51 /* Launcher */ = {
			isa = PBXGroup;
			children = (
				E37414841DA37D1500096C51 /* LauncherViewController.swift */,
				E37414821DA371E300096C51 /* LaunchgetWords.swift */,
				E34A97801DBF14D900805330 /* LaunchgetDialogues.swift */,
				E37414861DA3963300096C51 /* LaunchgetPatterns.swift */,
				E37414881DA4A24C00096C51 /* LaunchgetYoutubeChannel.swift */,
				E374148A1DA4B30300096C51 /* LaunchgetWebSite.swift */,
			);
			path = Launcher;
			sourceTree = "<group>";
		};
		E374148C1DA619E300096C51 /* RandomView */ = {
			isa = PBXGroup;
			children = (
				E374148D1DA61A4700096C51 /* RandomViewController.swift */,
			);
			path = RandomView;
			sourceTree = "<group>";
		};
		E3AFC20A1D7D9BD800A8B6BD /* FMDB */ = {
			isa = PBXGroup;
			children = (
				E3AFC20B1D7D9BEB00A8B6BD /* FMDatabase.h */,
				E3AFC20C1D7D9BEB00A8B6BD /* FMDatabase.m */,
				E3AFC20D1D7D9BEB00A8B6BD /* FMDatabaseAdditions.h */,
				E3AFC20E1D7D9BEB00A8B6BD /* FMDatabaseAdditions.m */,
				E3AFC20F1D7D9BEB00A8B6BD /* FMDatabasePool.h */,
				E3AFC2101D7D9BEB00A8B6BD /* FMDatabasePool.m */,
				E3AFC2111D7D9BEB00A8B6BD /* FMDatabaseQueue.h */,
				E3AFC2121D7D9BEB00A8B6BD /* FMDatabaseQueue.m */,
				E3AFC2131D7D9BEB00A8B6BD /* FMDB.h */,
				E3AFC2141D7D9BEB00A8B6BD /* FMResultSet.h */,
				E3AFC2151D7D9BEB00A8B6BD /* FMResultSet.m */,
			);
			name = FMDB;
			sourceTree = "<group>";
		};
		E3BCA3EC1D90FFFC00170D97 /* Patterns */ = {
			isa = PBXGroup;
			children = (
				E3F1A3761D94A92300E10297 /* PatternsTableController.swift */,
				E3F1A3751D94A92300E10297 /* PatternsMeamingViewController.swift */,
				E3BCA3ED1D90FFFC00170D97 /* InsertPatterns.sql */,
				E3F1A37B1D9515CD00E10297 /* updatePatterns.json */,
			);
			path = Patterns;
			sourceTree = "<group>";
		};
		E3F1A37F1D98D6A100E10297 /* Youtube */ = {
			isa = PBXGroup;
			children = (
				E3F1A3801D98D6A100E10297 /* ChannelsTableViewController.swift */,
				E3F1A3841D9B79A800E10297 /* youtubeWebController.swift */,
				E3F1A3821D99F77800E10297 /* channelList.json */,
			);
			path = Youtube;
			sourceTree = "<group>";
		};
/* End PBXGroup section */

/* Begin PBXNativeTarget section */
		E300484D1D756BF3004CC63D /* EStudyTool */ = {
			isa = PBXNativeTarget;
			buildConfigurationList = E30048631D756BF3004CC63D /* Build configuration list for PBXNativeTarget "EStudyTool" */;
			buildPhases = (
				F24BA7C92C26B326F8BD8E3E /* [CP] Check Pods Manifest.lock */,
				E300484A1D756BF3004CC63D /* Sources */,
				E300484B1D756BF3004CC63D /* Frameworks */,
				E300484C1D756BF3004CC63D /* Resources */,
				B28C41D56BA5321F16853DF0 /* [CP] Embed Pods Frameworks */,
				67FCF8C9AB0CC85EF67C71EA /* [CP] Copy Pods Resources */,
			);
			buildRules = (
			);
			dependencies = (
			);
			name = EStudyTool;
			productName = EStudyTool;
			productReference = E300484E1D756BF3004CC63D /* EStudyTool.app */;
			productType = "com.apple.product-type.application";
		};
/* End PBXNativeTarget section */

/* Begin PBXProject section */
		E30048461D756BF3004CC63D /* Project object */ = {
			isa = PBXProject;
			attributes = {
				LastSwiftUpdateCheck = 0730;
				LastUpgradeCheck = 0800;
				ORGANIZATIONNAME = tongchun;
				TargetAttributes = {
					E300484D1D756BF3004CC63D = {
						CreatedOnToolsVersion = 7.3.1;
						DevelopmentTeam = WVC7779982;
						LastSwiftMigration = 0800;
						SystemCapabilities = {
							com.apple.Push = {
								enabled = 0;
							};
						};
					};
				};
			};
			buildConfigurationList = E30048491D756BF3004CC63D /* Build configuration list for PBXProject "EStudyTool" */;
			compatibilityVersion = "Xcode 3.2";
			developmentRegion = English;
			hasScannedForEncodings = 0;
			knownRegions = (
				en,
				Base,
			);
			mainGroup = E30048451D756BF3004CC63D;
			productRefGroup = E300484F1D756BF3004CC63D /* Products */;
			projectDirPath = "";
			projectRoot = "";
			targets = (
				E300484D1D756BF3004CC63D /* EStudyTool */,
			);
		};
/* End PBXProject section */

/* Begin PBXResourcesBuildPhase section */
		E300484C1D756BF3004CC63D /* Resources */ = {
			isa = PBXResourcesBuildPhase;
			buildActionMask = 2147483647;
			files = (
				E3138BE11D9E535200244BEF /* webSiteList.json in Resources */,
				E3F1A3831D99F77800E10297 /* channelList.json in Resources */,
				E3F1A3871D9BA95500E10297 /* Right-30.png in Resources */,
				E34A977E1DBF143800805330 /* InsertDialogues.sql in Resources */,
				E30048741D7593AA004CC63D /* Menu-30.png in Resources */,
				E3BCA3EB1D90FFC600170D97 /* InsertWords.sql in Resources */,
				E3BCA3F01D90FFFC00170D97 /* InsertPatterns.sql in Resources */,
				E3F1A37C1D9515CD00E10297 /* updatePatterns.json in Resources */,
				E30906481D827A560053175F /* Search-20.png in Resources */,
				E300485F1D756BF3004CC63D /* LaunchScreen.storyboard in Resources */,
				E300485C1D756BF3004CC63D /* Assets.xcassets in Resources */,
				E309064A1D827A8F0053175F /* Search-30.png in Resources */,
				E30048571D756BF3004CC63D /* Main.storyboard in Resources */,
				E34A977F1DBF143800805330 /* updateDialogues.json in Resources */,
				E32A5F911D8FA32F004CDB1F /* Info-30.png in Resources */,
				E3F1A37E1D9515DA00E10297 /* updateWords.json in Resources */,
				E3AFC21C1D80180B00A8B6BD /* ESTversion.json in Resources */,
			);
			runOnlyForDeploymentPostprocessing = 0;
		};
/* End PBXResourcesBuildPhase section */

/* Begin PBXShellScriptBuildPhase section */
		67FCF8C9AB0CC85EF67C71EA /* [CP] Copy Pods Resources */ = {
			isa = PBXShellScriptBuildPhase;
			buildActionMask = 2147483647;
			files = (
			);
			inputPaths = (
			);
			name = "[CP] Copy Pods Resources";
			outputPaths = (
			);
			runOnlyForDeploymentPostprocessing = 0;
			shellPath = /bin/sh;
			shellScript = "\"${SRCROOT}/Pods/Target Support Files/Pods-EStudyTool/Pods-EStudyTool-resources.sh\"\n";
			showEnvVarsInLog = 0;
		};
		B28C41D56BA5321F16853DF0 /* [CP] Embed Pods Frameworks */ = {
			isa = PBXShellScriptBuildPhase;
			buildActionMask = 2147483647;
			files = (
			);
			inputPaths = (
			);
			name = "[CP] Embed Pods Frameworks";
			outputPaths = (
			);
			runOnlyForDeploymentPostprocessing = 0;
			shellPath = /bin/sh;
			shellScript = "\"${SRCROOT}/Pods/Target Support Files/Pods-EStudyTool/Pods-EStudyTool-frameworks.sh\"\n";
			showEnvVarsInLog = 0;
		};
		F24BA7C92C26B326F8BD8E3E /* [CP] Check Pods Manifest.lock */ = {
			isa = PBXShellScriptBuildPhase;
			buildActionMask = 2147483647;
			files = (
			);
			inputPaths = (
			);
			name = "[CP] Check Pods Manifest.lock";
			outputPaths = (
			);
			runOnlyForDeploymentPostprocessing = 0;
			shellPath = /bin/sh;
			shellScript = "diff \"${PODS_ROOT}/../Podfile.lock\" \"${PODS_ROOT}/Manifest.lock\" > /dev/null\nif [[ $? != 0 ]] ; then\n    cat << EOM\nerror: The sandbox is not in sync with the Podfile.lock. Run 'pod install' or update your CocoaPods installation.\nEOM\n    exit 1\nfi\n";
			showEnvVarsInLog = 0;
		};
/* End PBXShellScriptBuildPhase section */

/* Begin PBXSourcesBuildPhase section */
		E300484A1D756BF3004CC63D /* Sources */ = {
			isa = PBXSourcesBuildPhase;
			buildActionMask = 2147483647;
			files = (
				E37414831DA371E300096C51 /* LaunchgetWords.swift in Sources */,
				E300485A1D756BF3004CC63D /* EStudyTool.xcdatamodeld in Sources */,
				E34A977D1DBF143800805330 /* DialoguesTableController.swift in Sources */,
				E37414871DA3963300096C51 /* LaunchgetPatterns.swift in Sources */,
				E374148E1DA61A4700096C51 /* RandomViewController.swift in Sources */,
				E34A97811DBF14D900805330 /* LaunchgetDialogues.swift in Sources */,
				E305CBB11DA75ECA00763F15 /* InfoViewController.swift in Sources */,
				E3AFC2221D81238400A8B6BD /* ESTFunctions.swift in Sources */,
				E3F1A3771D94A92300E10297 /* PatternsMeamingViewController.swift in Sources */,
				E3F1A3851D9B79A800E10297 /* youtubeWebController.swift in Sources */,
				E35E259F1D7694800027C817 /* PlistManager.swift in Sources */,
				E374148B1DA4B30300096C51 /* LaunchgetWebSite.swift in Sources */,
				E35FCCA51D910D0F004D3BE4 /* SwiftyJSON.swift in Sources */,
				E3AFC2181D7D9BEB00A8B6BD /* FMDatabasePool.m in Sources */,
				E3AFC2191D7D9BEB00A8B6BD /* FMDatabaseQueue.m in Sources */,
				E34A977C1DBF143800805330 /* DialoguesMeamingViewController.swift in Sources */,
				E3138BE21D9E535200244BEF /* WebSiteTableViewController.swift in Sources */,
				E30048541D756BF3004CC63D /* ViewController.swift in Sources */,
				E35E25A71D77BAAB0027C817 /* WordsTableController.swift in Sources */,
				E3F1A3811D98D6A100E10297 /* ChannelsTableViewController.swift in Sources */,
				E3F1A3781D94A92300E10297 /* PatternsTableController.swift in Sources */,
				E37414891DA4A24C00096C51 /* LaunchgetYoutubeChannel.swift in Sources */,
				E35E25A31D77A9D00027C817 /* ActivityModalView.swift in Sources */,
				E35E25A91D77BAB90027C817 /* WordMeamingViewController.swift in Sources */,
				E37414851DA37D1500096C51 /* LauncherViewController.swift in Sources */,
				E3AFC21A1D7D9BEB00A8B6BD /* FMResultSet.m in Sources */,
				E30048521D756BF3004CC63D /* AppDelegate.swift in Sources */,
				E3AFC1F41D7D23AB00A8B6BD /* SWRevealViewController.m in Sources */,
				E32A5F931D8FA4D2004CDB1F /* AlertViewController.swift in Sources */,
				E3138BE31D9E535200244BEF /* WebSiteViewController.swift in Sources */,
				E3AFC2161D7D9BEB00A8B6BD /* FMDatabase.m in Sources */,
				E300486D1D757E7E004CC63D /* LeftMenuTableController.swift in Sources */,
				E3AFC2171D7D9BEB00A8B6BD /* FMDatabaseAdditions.m in Sources */,
			);
			runOnlyForDeploymentPostprocessing = 0;
		};
/* End PBXSourcesBuildPhase section */

/* Begin PBXVariantGroup section */
		E30048551D756BF3004CC63D /* Main.storyboard */ = {
			isa = PBXVariantGroup;
			children = (
				E30048561D756BF3004CC63D /* Base */,
			);
			name = Main.storyboard;
			sourceTree = "<group>";
		};
		E300485D1D756BF3004CC63D /* LaunchScreen.storyboard */ = {
			isa = PBXVariantGroup;
			children = (
				E300485E1D756BF3004CC63D /* Base */,
			);
			name = LaunchScreen.storyboard;
			sourceTree = "<group>";
		};
/* End PBXVariantGroup section */

/* Begin XCBuildConfiguration section */
		E30048611D756BF3004CC63D /* Debug */ = {
			isa = XCBuildConfiguration;
			buildSettings = {
				ALWAYS_SEARCH_USER_PATHS = NO;
				CLANG_ANALYZER_NONNULL = YES;
				CLANG_CXX_LANGUAGE_STANDARD = "gnu++0x";
				CLANG_CXX_LIBRARY = "libc++";
				CLANG_ENABLE_MODULES = YES;
				CLANG_ENABLE_OBJC_ARC = YES;
				CLANG_WARN_BOOL_CONVERSION = YES;
				CLANG_WARN_CONSTANT_CONVERSION = YES;
				CLANG_WARN_DIRECT_OBJC_ISA_USAGE = YES_ERROR;
				CLANG_WARN_EMPTY_BODY = YES;
				CLANG_WARN_ENUM_CONVERSION = YES;
				CLANG_WARN_INFINITE_RECURSION = YES;
				CLANG_WARN_INT_CONVERSION = YES;
				CLANG_WARN_OBJC_ROOT_CLASS = YES_ERROR;
				CLANG_WARN_SUSPICIOUS_MOVE = YES;
				CLANG_WARN_UNREACHABLE_CODE = YES;
				CLANG_WARN__DUPLICATE_METHOD_MATCH = YES;
				"CODE_SIGN_IDENTITY[sdk=iphoneos*]" = "iPhone Developer";
				COPY_PHASE_STRIP = NO;
				DEBUG_INFORMATION_FORMAT = dwarf;
				ENABLE_STRICT_OBJC_MSGSEND = YES;
				ENABLE_TESTABILITY = YES;
				GCC_C_LANGUAGE_STANDARD = gnu99;
				GCC_DYNAMIC_NO_PIC = NO;
				GCC_NO_COMMON_BLOCKS = YES;
				GCC_OPTIMIZATION_LEVEL = 0;
				GCC_PREPROCESSOR_DEFINITIONS = (
					"DEBUG=1",
					"$(inherited)",
				);
				GCC_WARN_64_TO_32_BIT_CONVERSION = YES;
				GCC_WARN_ABOUT_RETURN_TYPE = YES_ERROR;
				GCC_WARN_UNDECLARED_SELECTOR = YES;
				GCC_WARN_UNINITIALIZED_AUTOS = YES_AGGRESSIVE;
				GCC_WARN_UNUSED_FUNCTION = YES;
				GCC_WARN_UNUSED_VARIABLE = YES;
				IPHONEOS_DEPLOYMENT_TARGET = 9.3;
				MTL_ENABLE_DEBUG_INFO = YES;
				ONLY_ACTIVE_ARCH = YES;
				SDKROOT = iphoneos;
				SWIFT_OPTIMIZATION_LEVEL = "-Onone";
				TARGETED_DEVICE_FAMILY = "1,2";
			};
			name = Debug;
		};
		E30048621D756BF3004CC63D /* Release */ = {
			isa = XCBuildConfiguration;
			buildSettings = {
				ALWAYS_SEARCH_USER_PATHS = NO;
				CLANG_ANALYZER_NONNULL = YES;
				CLANG_CXX_LANGUAGE_STANDARD = "gnu++0x";
				CLANG_CXX_LIBRARY = "libc++";
				CLANG_ENABLE_MODULES = YES;
				CLANG_ENABLE_OBJC_ARC = YES;
				CLANG_WARN_BOOL_CONVERSION = YES;
				CLANG_WARN_CONSTANT_CONVERSION = YES;
				CLANG_WARN_DIRECT_OBJC_ISA_USAGE = YES_ERROR;
				CLANG_WARN_EMPTY_BODY = YES;
				CLANG_WARN_ENUM_CONVERSION = YES;
				CLANG_WARN_INFINITE_RECURSION = YES;
				CLANG_WARN_INT_CONVERSION = YES;
				CLANG_WARN_OBJC_ROOT_CLASS = YES_ERROR;
				CLANG_WARN_SUSPICIOUS_MOVE = YES;
				CLANG_WARN_UNREACHABLE_CODE = YES;
				CLANG_WARN__DUPLICATE_METHOD_MATCH = YES;
				"CODE_SIGN_IDENTITY[sdk=iphoneos*]" = "iPhone Developer";
				COPY_PHASE_STRIP = NO;
				DEBUG_INFORMATION_FORMAT = "dwarf-with-dsym";
				ENABLE_NS_ASSERTIONS = NO;
				ENABLE_STRICT_OBJC_MSGSEND = YES;
				GCC_C_LANGUAGE_STANDARD = gnu99;
				GCC_NO_COMMON_BLOCKS = YES;
				GCC_WARN_64_TO_32_BIT_CONVERSION = YES;
				GCC_WARN_ABOUT_RETURN_TYPE = YES_ERROR;
				GCC_WARN_UNDECLARED_SELECTOR = YES;
				GCC_WARN_UNINITIALIZED_AUTOS = YES_AGGRESSIVE;
				GCC_WARN_UNUSED_FUNCTION = YES;
				GCC_WARN_UNUSED_VARIABLE = YES;
				IPHONEOS_DEPLOYMENT_TARGET = 9.3;
				MTL_ENABLE_DEBUG_INFO = NO;
				SDKROOT = iphoneos;
				SWIFT_OPTIMIZATION_LEVEL = "-Owholemodule";
				TARGETED_DEVICE_FAMILY = "1,2";
				VALIDATE_PRODUCT = YES;
			};
			name = Release;
		};
		E30048641D756BF3004CC63D /* Debug */ = {
			isa = XCBuildConfiguration;
			baseConfigurationReference = 65457E4D188AC6DD52A820FE /* Pods-EStudyTool.debug.xcconfig */;
			buildSettings = {
				ALWAYS_EMBED_SWIFT_STANDARD_LIBRARIES = YES;
				ASSETCATALOG_COMPILER_APPICON_NAME = AppIcon;
				CLANG_ENABLE_MODULES = YES;
				CODE_SIGN_IDENTITY = "iPhone Developer";
				DEVELOPMENT_TEAM = WVC7779982;
				INFOPLIST_FILE = EStudyTool/Info.plist;
				IPHONEOS_DEPLOYMENT_TARGET = 9.2;
				LD_RUNPATH_SEARCH_PATHS = "$(inherited) @executable_path/Frameworks";
				PRODUCT_BUNDLE_IDENTIFIER = com.tongchun.EStudyTool;
				PRODUCT_NAME = "$(TARGET_NAME)";
				SWIFT_OBJC_BRIDGING_HEADER = "EStudyTool/EStudyTool-Bridging-Header.h";
				SWIFT_OPTIMIZATION_LEVEL = "-Onone";
				SWIFT_VERSION = 3.0;
			};
			name = Debug;
		};
		E30048651D756BF3004CC63D /* Release */ = {
			isa = XCBuildConfiguration;
			baseConfigurationReference = 7D203223AB0A5AFF36BD5AE6 /* Pods-EStudyTool.release.xcconfig */;
			buildSettings = {
				ALWAYS_EMBED_SWIFT_STANDARD_LIBRARIES = YES;
				ASSETCATALOG_COMPILER_APPICON_NAME = AppIcon;
				CLANG_ENABLE_MODULES = YES;
				CODE_SIGN_IDENTITY = "iPhone Developer";
				DEVELOPMENT_TEAM = WVC7779982;
				INFOPLIST_FILE = EStudyTool/Info.plist;
				IPHONEOS_DEPLOYMENT_TARGET = 9.2;
				LD_RUNPATH_SEARCH_PATHS = "$(inherited) @executable_path/Frameworks";
				PRODUCT_BUNDLE_IDENTIFIER = com.tongchun.EStudyTool;
				PRODUCT_NAME = "$(TARGET_NAME)";
				SWIFT_OBJC_BRIDGING_HEADER = "EStudyTool/EStudyTool-Bridging-Header.h";
				SWIFT_VERSION = 3.0;
			};
			name = Release;
		};
/* End XCBuildConfiguration section */

/* Begin XCConfigurationList section */
		E30048491D756BF3004CC63D /* Build configuration list for PBXProject "EStudyTool" */ = {
			isa = XCConfigurationList;
			buildConfigurations = (
				E30048611D756BF3004CC63D /* Debug */,
				E30048621D756BF3004CC63D /* Release */,
			);
			defaultConfigurationIsVisible = 0;
			defaultConfigurationName = Release;
		};
		E30048631D756BF3004CC63D /* Build configuration list for PBXNativeTarget "EStudyTool" */ = {
			isa = XCConfigurationList;
			buildConfigurations = (
				E30048641D756BF3004CC63D /* Debug */,
				E30048651D756BF3004CC63D /* Release */,
			);
			defaultConfigurationIsVisible = 0;
			defaultConfigurationName = Release;
		};
/* End XCConfigurationList section */

/* Begin XCVersionGroup section */
		E30048581D756BF3004CC63D /* EStudyTool.xcdatamodeld */ = {
			isa = XCVersionGroup;
			children = (
				E30048591D756BF3004CC63D /* EStudyTool.xcdatamodel */,
			);
			currentVersion = E30048591D756BF3004CC63D /* EStudyTool.xcdatamodel */;
			path = EStudyTool.xcdatamodeld;
			sourceTree = "<group>";
			versionGroupType = wrapper.xcdatamodel;
		};
/* End XCVersionGroup section */
	};
	rootObject = E30048461D756BF3004CC63D /* Project object */;
}
